
Microsoft Visual Studio Solution File, Format Version 12.00
# Visual Studio Version 17
VisualStudioVersion = 17.5.33414.496
MinimumVisualStudioVersion = 10.0.40219.1
Project("{FAE04EC0-301F-11D3-BF4B-00C04F79EFBC}") = "Advent Of Code 2023", "Advent Of Code 2023.csproj", "{92020A34-F724-4E4A-9D23-BB34E5243694}"
EndProject
Global
	GlobalSection(SolutionConfigurationPlatforms) = preSolution
		Debug|Any CPU = Debug|Any CPU
		Release|Any CPU = Release|Any CPU
	EndGlobalSection
	GlobalSection(ProjectConfigurationPlatforms) = postSolution
		{92020A34-F724-4E4A-9D23-BB34E5243694}.Debug|Any CPU.ActiveCfg = Debug|Any CPU
		{92020A34-F724-4E4A-9D23-BB34E5243694}.Debug|Any CPU.Build.0 = Debug|Any CPU
		{92020A34-F724-4E4A-9D23-BB34E5243694}.Release|Any CPU.ActiveCfg = Release|Any CPU
		{92020A34-F724-4E4A-9D23-BB34E5243694}.Release|Any CPU.Build.0 = Release|Any CPU
	EndGlobalSection
	GlobalSection(SolutionProperties) = preSolution
		HideSolutionNode = FALSE
	EndGlobalSection
	GlobalSection(ExtensibilityGlobals) = postSolution
		SolutionGuid = {9841D477-786B-409C-A935-697DFACED90D}
	EndGlobalSection
EndGlobal
